// !$*UTF8*$!
{
	archiveVersion = 1;
	classes = {
	};
	objectVersion = 46;
	objects = {

/* Begin PBXBuildFile section */
		880C096A1A7982CE00E7C7E8 /* main.m in Sources */ = {isa = PBXBuildFile; fileRef = 880C09691A7982CE00E7C7E8 /* main.m */; };
		880C096D1A7982CE00E7C7E8 /* AppDelegate.m in Sources */ = {isa = PBXBuildFile; fileRef = 880C096C1A7982CE00E7C7E8 /* AppDelegate.m */; };
		880C09701A7982CE00E7C7E8 /* MasterViewController.m in Sources */ = {isa = PBXBuildFile; fileRef = 880C096F1A7982CE00E7C7E8 /* MasterViewController.m */; };
		880C09731A7982CE00E7C7E8 /* DetailViewController.m in Sources */ = {isa = PBXBuildFile; fileRef = 880C09721A7982CE00E7C7E8 /* DetailViewController.m */; };
		880C09761A7982CE00E7C7E8 /* Main.storyboard in Resources */ = {isa = PBXBuildFile; fileRef = 880C09741A7982CE00E7C7E8 /* Main.storyboard */; };
		880C09781A7982CE00E7C7E8 /* Images.xcassets in Resources */ = {isa = PBXBuildFile; fileRef = 880C09771A7982CE00E7C7E8 /* Images.xcassets */; };
		880C097B1A7982CE00E7C7E8 /* LaunchScreen.xib in Resources */ = {isa = PBXBuildFile; fileRef = 880C09791A7982CE00E7C7E8 /* LaunchScreen.xib */; };
		880C09871A7982CE00E7C7E8 /* ToDoAppTests.m in Sources */ = {isa = PBXBuildFile; fileRef = 880C09861A7982CE00E7C7E8 /* ToDoAppTests.m */; };
		880C09921A79838200E7C7E8 /* ToDo.m in Sources */ = {isa = PBXBuildFile; fileRef = 880C09911A79838200E7C7E8 /* ToDo.m */; };
		880C09961A7994BD00E7C7E8 /* AddToDoViewController.m in Sources */ = {isa = PBXBuildFile; fileRef = 880C09951A7994BD00E7C7E8 /* AddToDoViewController.m */; };
		880C09991A79A0A900E7C7E8 /* ToDoTableViewCell.m in Sources */ = {isa = PBXBuildFile; fileRef = 880C09981A79A0A900E7C7E8 /* ToDoTableViewCell.m */; };
/* End PBXBuildFile section */

/* Begin PBXContainerItemProxy section */
		880C09811A7982CE00E7C7E8 /* PBXContainerItemProxy */ = {
			isa = PBXContainerItemProxy;
			containerPortal = 880C095C1A7982CE00E7C7E8 /* Project object */;
			proxyType = 1;
			remoteGlobalIDString = 880C09631A7982CE00E7C7E8;
			remoteInfo = ToDoApp;
		};
/* End PBXContainerItemProxy section */

/* Begin PBXFileReference section */
		880C09641A7982CE00E7C7E8 /* ToDoApp.app */ = {isa = PBXFileReference; explicitFileType = wrapper.application; includeInIndex = 0; path = ToDoApp.app; sourceTree = BUILT_PRODUCTS_DIR; };
		880C09681A7982CE00E7C7E8 /* Info.plist */ = {isa = PBXFileReference; lastKnownFileType = text.plist.xml; path = Info.plist; sourceTree = "<group>"; };
		880C09691A7982CE00E7C7E8 /* main.m */ = {isa = PBXFileReference; lastKnownFileType = sourcecode.c.objc; path = main.m; sourceTree = "<group>"; };
		880C096B1A7982CE00E7C7E8 /* AppDelegate.h */ = {isa = PBXFileReference; lastKnownFileType = sourcecode.c.h; path = AppDelegate.h; sourceTree = "<group>"; };
		880C096C1A7982CE00E7C7E8 /* AppDelegate.m */ = {isa = PBXFileReference; lastKnownFileType = sourcecode.c.objc; path = AppDelegate.m; sourceTree = "<group>"; };
		880C096E1A7982CE00E7C7E8 /* MasterViewController.h */ = {isa = PBXFileReference; lastKnownFileType = sourcecode.c.h; path = MasterViewController.h; sourceTree = "<group>"; };
		880C096F1A7982CE00E7C7E8 /* MasterViewController.m */ = {isa = PBXFileReference; lastKnownFileType = sourcecode.c.objc; path = MasterViewController.m; sourceTree = "<group>"; };
		880C09711A7982CE00E7C7E8 /* DetailViewController.h */ = {isa = PBXFileReference; lastKnownFileType = sourcecode.c.h; path = DetailViewController.h; sourceTree = "<group>"; };
		880C09721A7982CE00E7C7E8 /* DetailViewController.m */ = {isa = PBXFileReference; lastKnownFileType = sourcecode.c.objc; path = DetailViewController.m; sourceTree = "<group>"; };
		880C09751A7982CE00E7C7E8 /* Base */ = {isa = PBXFileReference; lastKnownFileType = file.storyboard; name = Base; path = Base.lproj/Main.storyboard; sourceTree = "<group>"; };
		880C09771A7982CE00E7C7E8 /* Images.xcassets */ = {isa = PBXFileReference; lastKnownFileType = folder.assetcatalog; path = Images.xcassets; sourceTree = "<group>"; };
		880C097A1A7982CE00E7C7E8 /* Base */ = {isa = PBXFileReference; lastKnownFileType = file.xib; name = Base; path = Base.lproj/LaunchScreen.xib; sourceTree = "<group>"; };
		880C09801A7982CE00E7C7E8 /* ToDoAppTests.xctest */ = {isa = PBXFileReference; explicitFileType = wrapper.cfbundle; includeInIndex = 0; path = ToDoAppTests.xctest; sourceTree = BUILT_PRODUCTS_DIR; };
		880C09851A7982CE00E7C7E8 /* Info.plist */ = {isa = PBXFileReference; lastKnownFileType = text.plist.xml; path = Info.plist; sourceTree = "<group>"; };
		880C09861A7982CE00E7C7E8 /* ToDoAppTests.m */ = {isa = PBXFileReference; lastKnownFileType = sourcecode.c.objc; path = ToDoAppTests.m; sourceTree = "<group>"; };
		880C09901A79838200E7C7E8 /* ToDo.h */ = {isa = PBXFileReference; fileEncoding = 4; lastKnownFileType = sourcecode.c.h; path = ToDo.h; sourceTree = "<group>"; };
		880C09911A79838200E7C7E8 /* ToDo.m */ = {isa = PBXFileReference; fileEncoding = 4; lastKnownFileType = sourcecode.c.objc; path = ToDo.m; sourceTree = "<group>"; };
		880C09941A7994BD00E7C7E8 /* AddToDoViewController.h */ = {isa = PBXFileReference; fileEncoding = 4; lastKnownFileType = sourcecode.c.h; path = AddToDoViewController.h; sourceTree = "<group>"; };
		880C09951A7994BD00E7C7E8 /* AddToDoViewController.m */ = {isa = PBXFileReference; fileEncoding = 4; lastKnownFileType = sourcecode.c.objc; path = AddToDoViewController.m; sourceTree = "<group>"; };
		880C09971A79A0A900E7C7E8 /* ToDoTableViewCell.h */ = {isa = PBXFileReference; fileEncoding = 4; lastKnownFileType = sourcecode.c.h; path = ToDoTableViewCell.h; sourceTree = "<group>"; };
		880C09981A79A0A900E7C7E8 /* ToDoTableViewCell.m */ = {isa = PBXFileReference; fileEncoding = 4; lastKnownFileType = sourcecode.c.objc; path = ToDoTableViewCell.m; sourceTree = "<group>"; };
/* End PBXFileReference section */

/* Begin PBXFrameworksBuildPhase section */
		880C09611A7982CE00E7C7E8 /* Frameworks */ = {
			isa = PBXFrameworksBuildPhase;
			buildActionMask = 2147483647;
			files = (
			);
			runOnlyForDeploymentPostprocessing = 0;
		};
		880C097D1A7982CE00E7C7E8 /* Frameworks */ = {
			isa = PBXFrameworksBuildPhase;
			buildActionMask = 2147483647;
			files = (
			);
			runOnlyForDeploymentPostprocessing = 0;
		};
/* End PBXFrameworksBuildPhase section */

/* Begin PBXGroup section */
		880C095B1A7982CE00E7C7E8 = {
			isa = PBXGroup;
			children = (
				880C09661A7982CE00E7C7E8 /* ToDoApp */,
				880C09831A7982CE00E7C7E8 /* ToDoAppTests */,
				880C09651A7982CE00E7C7E8 /* Products */,
			);
			sourceTree = "<group>";
		};
		880C09651A7982CE00E7C7E8 /* Products */ = {
			isa = PBXGroup;
			children = (
				880C09641A7982CE00E7C7E8 /* ToDoApp.app */,
				880C09801A7982CE00E7C7E8 /* ToDoAppTests.xctest */,
			);
			name = Products;
			sourceTree = "<group>";
		};
		880C09661A7982CE00E7C7E8 /* ToDoApp */ = {
			isa = PBXGroup;
			children = (
				880C099B1A79A16E00E7C7E8 /* ViewController */,
				880C099A1A79A14200E7C7E8 /* TableViewCell */,
				880C09931A79838800E7C7E8 /* Model */,
				880C09771A7982CE00E7C7E8 /* Images.xcassets */,
				880C09741A7982CE00E7C7E8 /* Main.storyboard */,
				880C09791A7982CE00E7C7E8 /* LaunchScreen.xib */,
				880C09671A7982CE00E7C7E8 /* Supporting Files */,
			);
			path = ToDoApp;
			sourceTree = "<group>";
		};
		880C09671A7982CE00E7C7E8 /* Supporting Files */ = {
			isa = PBXGroup;
			children = (
				880C096B1A7982CE00E7C7E8 /* AppDelegate.h */,
				880C096C1A7982CE00E7C7E8 /* AppDelegate.m */,
				880C09681A7982CE00E7C7E8 /* Info.plist */,
				880C09691A7982CE00E7C7E8 /* main.m */,
			);
			name = "Supporting Files";
			sourceTree = "<group>";
		};
		880C09831A7982CE00E7C7E8 /* ToDoAppTests */ = {
			isa = PBXGroup;
			children = (
				880C09861A7982CE00E7C7E8 /* ToDoAppTests.m */,
				880C09841A7982CE00E7C7E8 /* Supporting Files */,
			);
			path = ToDoAppTests;
			sourceTree = "<group>";
		};
		880C09841A7982CE00E7C7E8 /* Supporting Files */ = {
			isa = PBXGroup;
			children = (
				880C09851A7982CE00E7C7E8 /* Info.plist */,
			);
			name = "Supporting Files";
			sourceTree = "<group>";
		};
		880C09931A79838800E7C7E8 /* Model */ = {
			isa = PBXGroup;
			children = (
				880C09901A79838200E7C7E8 /* ToDo.h */,
				880C09911A79838200E7C7E8 /* ToDo.m */,
			);
			name = Model;
			sourceTree = "<group>";
		};
		880C099A1A79A14200E7C7E8 /* TableViewCell */ = {
			isa = PBXGroup;
			children = (
				880C09971A79A0A900E7C7E8 /* ToDoTableViewCell.h */,
				880C09981A79A0A900E7C7E8 /* ToDoTableViewCell.m */,
			);
			name = TableViewCell;
			sourceTree = "<group>";
		};
		880C099B1A79A16E00E7C7E8 /* ViewController */ = {
			isa = PBXGroup;
			children = (
				880C096E1A7982CE00E7C7E8 /* MasterViewController.h */,
				880C096F1A7982CE00E7C7E8 /* MasterViewController.m */,
				880C09711A7982CE00E7C7E8 /* DetailViewController.h */,
				880C09721A7982CE00E7C7E8 /* DetailViewController.m */,
				880C09941A7994BD00E7C7E8 /* AddToDoViewController.h */,
				880C09951A7994BD00E7C7E8 /* AddToDoViewController.m */,
			);
			name = ViewController;
			sourceTree = "<group>";
		};
/* End PBXGroup section */

/* Begin PBXNativeTarget section */
		880C09631A7982CE00E7C7E8 /* ToDoApp */ = {
			isa = PBXNativeTarget;
			buildConfigurationList = 880C098A1A7982CE00E7C7E8 /* Build configuration list for PBXNativeTarget "ToDoApp" */;
			buildPhases = (
				880C09601A7982CE00E7C7E8 /* Sources */,
				880C09611A7982CE00E7C7E8 /* Frameworks */,
				880C09621A7982CE00E7C7E8 /* Resources */,
			);
			buildRules = (
			);
			dependencies = (
			);
			name = ToDoApp;
			productName = ToDoApp;
			productReference = 880C09641A7982CE00E7C7E8 /* ToDoApp.app */;
			productType = "com.apple.product-type.application";
		};
		880C097F1A7982CE00E7C7E8 /* ToDoAppTests */ = {
			isa = PBXNativeTarget;
			buildConfigurationList = 880C098D1A7982CE00E7C7E8 /* Build configuration list for PBXNativeTarget "ToDoAppTests" */;
			buildPhases = (
				880C097C1A7982CE00E7C7E8 /* Sources */,
				880C097D1A7982CE00E7C7E8 /* Frameworks */,
				880C097E1A7982CE00E7C7E8 /* Resources */,
			);
			buildRules = (
			);
			dependencies = (
				880C09821A7982CE00E7C7E8 /* PBXTargetDependency */,
			);
			name = ToDoAppTests;
			productName = ToDoAppTests;
			productReference = 880C09801A7982CE00E7C7E8 /* ToDoAppTests.xctest */;
			productType = "com.apple.product-type.bundle.unit-test";
		};
/* End PBXNativeTarget section */

/* Begin PBXProject section */
		880C095C1A7982CE00E7C7E8 /* Project object */ = {
			isa = PBXProject;
			attributes = {
				LastUpgradeCheck = 0610;
				ORGANIZATIONNAME = "Renato Camilio";
				TargetAttributes = {
					880C09631A7982CE00E7C7E8 = {
						CreatedOnToolsVersion = 6.1.1;
					};
					880C097F1A7982CE00E7C7E8 = {
						CreatedOnToolsVersion = 6.1.1;
						TestTargetID = 880C09631A7982CE00E7C7E8;
					};
				};
			};
			buildConfigurationList = 880C095F1A7982CE00E7C7E8 /* Build configuration list for PBXProject "ToDoApp" */;
			compatibilityVersion = "Xcode 3.2";
			developmentRegion = English;
			hasScannedForEncodings = 0;
			knownRegions = (
				en,
				Base,
			);
			mainGroup = 880C095B1A7982CE00E7C7E8;
			productRefGroup = 880C09651A7982CE00E7C7E8 /* Products */;
			projectDirPath = "";
			projectRoot = "";
			targets = (
				880C09631A7982CE00E7C7E8 /* ToDoApp */,
				880C097F1A7982CE00E7C7E8 /* ToDoAppTests */,
			);
		};
/* End PBXProject section */

/* Begin PBXResourcesBuildPhase section */
		880C09621A7982CE00E7C7E8 /* Resources */ = {
			isa = PBXResourcesBuildPhase;
			buildActionMask = 2147483647;
			files = (
				880C09761A7982CE00E7C7E8 /* Main.storyboard in Resources */,
				880C097B1A7982CE00E7C7E8 /* LaunchScreen.xib in Resources */,
				880C09781A7982CE00E7C7E8 /* Images.xcassets in Resources */,
			);
			runOnlyForDeploymentPostprocessing = 0;
		};
		880C097E1A7982CE00E7C7E8 /* Resources */ = {
			isa = PBXResourcesBuildPhase;
			buildActionMask = 2147483647;
			files = (
			);
			runOnlyForDeploymentPostprocessing = 0;
		};
/* End PBXResourcesBuildPhase section */

/* Begin PBXSourcesBuildPhase section */
		880C09601A7982CE00E7C7E8 /* Sources */ = {
			isa = PBXSourcesBuildPhase;
			buildActionMask = 2147483647;
			files = (
				880C09961A7994BD00E7C7E8 /* AddToDoViewController.m in Sources */,
				880C09921A79838200E7C7E8 /* ToDo.m in Sources */,
				880C09991A79A0A900E7C7E8 /* ToDoTableViewCell.m in Sources */,
				880C096D1A7982CE00E7C7E8 /* AppDelegate.m in Sources */,
				880C09701A7982CE00E7C7E8 /* MasterViewController.m in Sources */,
				880C096A1A7982CE00E7C7E8 /* main.m in Sources */,
				880C09731A7982CE00E7C7E8 /* DetailViewController.m in Sources */,
			);
			runOnlyForDeploymentPostprocessing = 0;
		};
		880C097C1A7982CE00E7C7E8 /* Sources */ = {
			isa = PBXSourcesBuildPhase;
			buildActionMask = 2147483647;
			files = (
				880C09871A7982CE00E7C7E8 /* ToDoAppTests.m in Sources */,
			);
			runOnlyForDeploymentPostprocessing = 0;
		};
/* End PBXSourcesBuildPhase section */

/* Begin PBXTargetDependency section */
		880C09821A7982CE00E7C7E8 /* PBXTargetDependency */ = {
			isa = PBXTargetDependency;
			target = 880C09631A7982CE00E7C7E8 /* ToDoApp */;
			targetProxy = 880C09811A7982CE00E7C7E8 /* PBXContainerItemProxy */;
		};
/* End PBXTargetDependency section */

/* Begin PBXVariantGroup section */
		880C09741A7982CE00E7C7E8 /* Main.storyboard */ = {
			isa = PBXVariantGroup;
			children = (
				880C09751A7982CE00E7C7E8 /* Base */,
			);
			name = Main.storyboard;
			sourceTree = "<group>";
		};
		880C09791A7982CE00E7C7E8 /* LaunchScreen.xib */ = {
			isa = PBXVariantGroup;
			children = (
				880C097A1A7982CE00E7C7E8 /* Base */,
			);
			name = LaunchScreen.xib;
			sourceTree = "<group>";
		};
/* End PBXVariantGroup section */

/* Begin XCBuildConfiguration section */
		880C09881A7982CE00E7C7E8 /* Debug */ = {
			isa = XCBuildConfiguration;
			buildSettings = {
				ALWAYS_SEARCH_USER_PATHS = NO;
				CLANG_CXX_LANGUAGE_STANDARD = "gnu++0x";
				CLANG_CXX_LIBRARY = "libc++";
				CLANG_ENABLE_MODULES = YES;
				CLANG_ENABLE_OBJC_ARC = YES;
				CLANG_WARN_BOOL_CONVERSION = YES;
				CLANG_WARN_CONSTANT_CONVERSION = YES;
				CLANG_WARN_DIRECT_OBJC_ISA_USAGE = YES_ERROR;
				CLANG_WARN_EMPTY_BODY = YES;
				CLANG_WARN_ENUM_CONVERSION = YES;
				CLANG_WARN_INT_CONVERSION = YES;
				CLANG_WARN_OBJC_ROOT_CLASS = YES_ERROR;
				CLANG_WARN_UNREACHABLE_CODE = YES;
				CLANG_WARN__DUPLICATE_METHOD_MATCH = YES;
				"CODE_SIGN_IDENTITY[sdk=iphoneos*]" = "iPhone Developer";
				COPY_PHASE_STRIP = NO;
				ENABLE_STRICT_OBJC_MSGSEND = YES;
				GCC_C_LANGUAGE_STANDARD = gnu99;
				GCC_DYNAMIC_NO_PIC = NO;
				GCC_OPTIMIZATION_LEVEL = 0;
				GCC_PREPROCESSOR_DEFINITIONS = (
					"DEBUG=1",
					"$(inherited)",
				);
				GCC_SYMBOLS_PRIVATE_EXTERN = NO;
				GCC_WARN_64_TO_32_BIT_CONVERSION = YES;
				GCC_WARN_ABOUT_RETURN_TYPE = YES_ERROR;
				GCC_WARN_UNDECLARED_SELECTOR = YES;
				GCC_WARN_UNINITIALIZED_AUTOS = YES_AGGRESSIVE;
				GCC_WARN_UNUSED_FUNCTION = YES;
				GCC_WARN_UNUSED_VARIABLE = YES;
				IPHONEOS_DEPLOYMENT_TARGET = 8.1;
				MTL_ENABLE_DEBUG_INFO = YES;
				ONLY_ACTIVE_ARCH = YES;
				SDKROOT = iphoneos;
			};
			name = Debug;
		};
		880C09891A7982CE00E7C7E8 /* Release */ = {
			isa = XCBuildConfiguration;
			buildSettings = {
				ALWAYS_SEARCH_USER_PATHS = NO;
				CLANG_CXX_LANGUAGE_STANDARD = "gnu++0x";
				CLANG_CXX_LIBRARY = "libc++";
				CLANG_ENABLE_MODULES = YES;
				CLANG_ENABLE_OBJC_ARC = YES;
				CLANG_WARN_BOOL_CONVERSION = YES;
				CLANG_WARN_CONSTANT_CONVERSION = YES;
				CLANG_WARN_DIRECT_OBJC_ISA_USAGE = YES_ERROR;
				CLANG_WARN_EMPTY_BODY = YES;
				CLANG_WARN_ENUM_CONVERSION = YES;
				CLANG_WARN_INT_CONVERSION = YES;
				CLANG_WARN_OBJC_ROOT_CLASS = YES_ERROR;
				CLANG_WARN_UNREACHABLE_CODE = YES;
				CLANG_WARN__DUPLICATE_METHOD_MATCH = YES;
				"CODE_SIGN_IDENTITY[sdk=iphoneos*]" = "iPhone Developer";
				COPY_PHASE_STRIP = YES;
				ENABLE_NS_ASSERTIONS = NO;
				ENABLE_STRICT_OBJC_MSGSEND = YES;
				GCC_C_LANGUAGE_STANDARD = gnu99;
				GCC_WARN_64_TO_32_BIT_CONVERSION = YES;
				GCC_WARN_ABOUT_RETURN_TYPE = YES_ERROR;
				GCC_WARN_UNDECLARED_SELECTOR = YES;
				GCC_WARN_UNINITIALIZED_AUTOS = YES_AGGRESSIVE;
				GCC_WARN_UNUSED_FUNCTION = YES;
				GCC_WARN_UNUSED_VARIABLE = YES;
				IPHONEOS_DEPLOYMENT_TARGET = 8.1;
				MTL_ENABLE_DEBUG_INFO = NO;
				SDKROOT = iphoneos;
				VALIDATE_PRODUCT = YES;
			};
			name = Release;
		};
		880C098B1A7982CE00E7C7E8 /* Debug */ = {
			isa = XCBuildConfiguration;
			buildSettings = {
				ASSETCATALOG_COMPILER_APPICON_NAME = AppIcon;
				INFOPLIST_FILE = ToDoApp/Info.plist;
				LD_RUNPATH_SEARCH_PATHS = "$(inherited) @executable_path/Frameworks";
				PRODUCT_NAME = "$(TARGET_NAME)";
			};
			name = Debug;
		};
		880C098C1A7982CE00E7C7E8 /* Release */ = {
			isa = XCBuildConfiguration;
			buildSettings = {
				ASSETCATALOG_COMPILER_APPICON_NAME = AppIcon;
				INFOPLIST_FILE = ToDoApp/Info.plist;
				LD_RUNPATH_SEARCH_PATHS = "$(inherited) @executable_path/Frameworks";
				PRODUCT_NAME = "$(TARGET_NAME)";
			};
			name = Release;
		};
		880C098E1A7982CE00E7C7E8 /* Debug */ = {
			isa = XCBuildConfiguration;
			buildSettings = {
				BUNDLE_LOADER = "$(TEST_HOST)";
				FRAMEWORK_SEARCH_PATHS = (
					"$(SDKROOT)/Developer/Library/Frameworks",
					"$(inherited)",
				);
				GCC_PREPROCESSOR_DEFINITIONS = (
					"DEBUG=1",
					"$(inherited)",
				);
				INFOPLIST_FILE = ToDoAppTests/Info.plist;
				LD_RUNPATH_SEARCH_PATHS = "$(inherited) @executable_path/Frameworks @loader_path/Frameworks";
				PRODUCT_NAME = "$(TARGET_NAME)";
				TEST_HOST = "$(BUILT_PRODUCTS_DIR)/ToDoApp.app/ToDoApp";
			};
			name = Debug;
		};
		880C098F1A7982CE00E7C7E8 /* Release */ = {
			isa = XCBuildConfiguration;
			buildSettings = {
				BUNDLE_LOADER = "$(TEST_HOST)";
				FRAMEWORK_SEARCH_PATHS = (
					"$(SDKROOT)/Developer/Library/Frameworks",
					"$(inherited)",
				);
				INFOPLIST_FILE = ToDoAppTests/Info.plist;
				LD_RUNPATH_SEARCH_PATHS = "$(inherited) @executable_path/Frameworks @loader_path/Frameworks";
				PRODUCT_NAME = "$(TARGET_NAME)";
				TEST_HOST = "$(BUILT_PRODUCTS_DIR)/ToDoApp.app/ToDoApp";
			};
			name = Release;
		};
/* End XCBuildConfiguration section */

/* Begin XCConfigurationList section */
		880C095F1A7982CE00E7C7E8 /* Build configuration list for PBXProject "ToDoApp" */ = {
			isa = XCConfigurationList;
			buildConfigurations = (
				880C09881A7982CE00E7C7E8 /* Debug */,
				880C09891A7982CE00E7C7E8 /* Release */,
			);
			defaultConfigurationIsVisible = 0;
			defaultConfigurationName = Release;
		};
		880C098A1A7982CE00E7C7E8 /* Build configuration list for PBXNativeTarget "ToDoApp" */ = {
			isa = XCConfigurationList;
			buildConfigurations = (
				880C098B1A7982CE00E7C7E8 /* Debug */,
				880C098C1A7982CE00E7C7E8 /* Release */,
			);
			defaultConfigurationIsVisible = 0;
		};
		880C098D1A7982CE00E7C7E8 /* Build configuration list for PBXNativeTarget "ToDoAppTests" */ = {
			isa = XCConfigurationList;
			buildConfigurations = (
				880C098E1A7982CE00E7C7E8 /* Debug */,
				880C098F1A7982CE00E7C7E8 /* Release */,
			);
			defaultConfigurationIsVisible = 0;
		};
/* End XCConfigurationList section */
	};
	rootObject = 880C095C1A7982CE00E7C7E8 /* Project object */;
}
